
Microsoft Visual Studio Solution File, Format Version 12.00
# Visual Studio Version 17
VisualStudioVersion = 17.0.31903.59
MinimumVisualStudioVersion = 10.0.40219.1
Project("{2150E333-8FDC-42A3-9474-1A3956D46DE8}") = "src", "src", "{7E5A75E0-7979-4E42-B01F-EB9412F63B8B}"
EndProject
Project("{FAE04EC0-301F-11D3-BF4B-00C04F79EFBC}") = "DalamudMCP.Application", "src\DalamudMCP.Application\DalamudMCP.Application.csproj", "{19D79144-FB5C-469C-B5D2-C4B6F0641547}"
EndProject
Project("{FAE04EC0-301F-11D3-BF4B-00C04F79EFBC}") = "DalamudMCP.Contracts", "src\DalamudMCP.Contracts\DalamudMCP.Contracts.csproj", "{908F02B9-217A-4FEF-8F61-296E1985AEA1}"
EndProject
Project("{FAE04EC0-301F-11D3-BF4B-00C04F79EFBC}") = "DalamudMCP.Domain", "src\DalamudMCP.Domain\DalamudMCP.Domain.csproj", "{8447422E-3A4F-4B98-9D76-F89865990010}"
EndProject
Project("{FAE04EC0-301F-11D3-BF4B-00C04F79EFBC}") = "DalamudMCP.Host", "src\DalamudMCP.Host\DalamudMCP.Host.csproj", "{31614DF2-8661-471C-86E8-DDA9C6D12B67}"
EndProject
Project("{FAE04EC0-301F-11D3-BF4B-00C04F79EFBC}") = "DalamudMCP.Infrastructure", "src\DalamudMCP.Infrastructure\DalamudMCP.Infrastructure.csproj", "{F7D0A60C-CA8B-4EA8-ABD2-DB47B49CBE16}"
EndProject
Project("{FAE04EC0-301F-11D3-BF4B-00C04F79EFBC}") = "DalamudMCP.Plugin", "src\DalamudMCP.Plugin\DalamudMCP.Plugin.csproj", "{330BFF10-2A3D-4CD0-8E42-250A6C9D4799}"
EndProject
Project("{2150E333-8FDC-42A3-9474-1A3956D46DE8}") = "tests", "tests", "{B0D230D3-4DAC-4576-9AE7-D771DBD36231}"
EndProject
Project("{FAE04EC0-301F-11D3-BF4B-00C04F79EFBC}") = "DalamudMCP.Application.Tests", "tests\DalamudMCP.Application.Tests\DalamudMCP.Application.Tests.csproj", "{0A126577-7781-41BB-92E8-3A07DA3B8CDC}"
EndProject
Project("{FAE04EC0-301F-11D3-BF4B-00C04F79EFBC}") = "DalamudMCP.ArchitectureTests", "tests\DalamudMCP.ArchitectureTests\DalamudMCP.ArchitectureTests.csproj", "{1814435F-3B54-4E2F-B16C-042EEAB8879E}"
EndProject
Project("{FAE04EC0-301F-11D3-BF4B-00C04F79EFBC}") = "DalamudMCP.Contracts.Tests", "tests\DalamudMCP.Contracts.Tests\DalamudMCP.Contracts.Tests.csproj", "{5B2BFAA5-2C52-44FA-A190-C2B9E20B5B09}"
EndProject
Project("{FAE04EC0-301F-11D3-BF4B-00C04F79EFBC}") = "DalamudMCP.Domain.Tests", "tests\DalamudMCP.Domain.Tests\DalamudMCP.Domain.Tests.csproj", "{8126760E-10A4-4DE0-B2D6-66B4F46877A7}"
EndProject
Project("{FAE04EC0-301F-11D3-BF4B-00C04F79EFBC}") = "DalamudMCP.Host.Tests", "tests\DalamudMCP.Host.Tests\DalamudMCP.Host.Tests.csproj", "{72D555EB-A6A1-45C3-B85C-80C74620A001}"
EndProject
Project("{FAE04EC0-301F-11D3-BF4B-00C04F79EFBC}") = "DalamudMCP.Infrastructure.Tests", "tests\DalamudMCP.Infrastructure.Tests\DalamudMCP.Infrastructure.Tests.csproj", "{9207A816-D59C-4089-94D2-84FB2E074300}"
EndProject
Project("{FAE04EC0-301F-11D3-BF4B-00C04F79EFBC}") = "DalamudMCP.Plugin.Tests", "tests\DalamudMCP.Plugin.Tests\DalamudMCP.Plugin.Tests.csproj", "{43C8707C-B2A9-4FDB-91DE-692B8151F647}"
EndProject
Global
	GlobalSection(SolutionConfigurationPlatforms) = preSolution
		Debug|Any CPU = Debug|Any CPU
		Release|Any CPU = Release|Any CPU
	EndGlobalSection
	GlobalSection(SolutionProperties) = preSolution
		HideSolutionNode = FALSE
	EndGlobalSection
	GlobalSection(ProjectConfigurationPlatforms) = postSolution
		{19D79144-FB5C-469C-B5D2-C4B6F0641547}.Debug|Any CPU.ActiveCfg = Debug|Any CPU
		{19D79144-FB5C-469C-B5D2-C4B6F0641547}.Debug|Any CPU.Build.0 = Debug|Any CPU
		{19D79144-FB5C-469C-B5D2-C4B6F0641547}.Release|Any CPU.ActiveCfg = Release|Any CPU
		{19D79144-FB5C-469C-B5D2-C4B6F0641547}.Release|Any CPU.Build.0 = Release|Any CPU
		{908F02B9-217A-4FEF-8F61-296E1985AEA1}.Debug|Any CPU.ActiveCfg = Debug|Any CPU
		{908F02B9-217A-4FEF-8F61-296E1985AEA1}.Debug|Any CPU.Build.0 = Debug|Any CPU
		{908F02B9-217A-4FEF-8F61-296E1985AEA1}.Release|Any CPU.ActiveCfg = Release|Any CPU
		{908F02B9-217A-4FEF-8F61-296E1985AEA1}.Release|Any CPU.Build.0 = Release|Any CPU
		{8447422E-3A4F-4B98-9D76-F89865990010}.Debug|Any CPU.ActiveCfg = Debug|Any CPU
		{8447422E-3A4F-4B98-9D76-F89865990010}.Debug|Any CPU.Build.0 = Debug|Any CPU
		{8447422E-3A4F-4B98-9D76-F89865990010}.Release|Any CPU.ActiveCfg = Release|Any CPU
		{8447422E-3A4F-4B98-9D76-F89865990010}.Release|Any CPU.Build.0 = Release|Any CPU
		{31614DF2-8661-471C-86E8-DDA9C6D12B67}.Debug|Any CPU.ActiveCfg = Debug|Any CPU
		{31614DF2-8661-471C-86E8-DDA9C6D12B67}.Debug|Any CPU.Build.0 = Debug|Any CPU
		{31614DF2-8661-471C-86E8-DDA9C6D12B67}.Release|Any CPU.ActiveCfg = Release|Any CPU
		{31614DF2-8661-471C-86E8-DDA9C6D12B67}.Release|Any CPU.Build.0 = Release|Any CPU
		{F7D0A60C-CA8B-4EA8-ABD2-DB47B49CBE16}.Debug|Any CPU.ActiveCfg = Debug|Any CPU
		{F7D0A60C-CA8B-4EA8-ABD2-DB47B49CBE16}.Debug|Any CPU.Build.0 = Debug|Any CPU
		{F7D0A60C-CA8B-4EA8-ABD2-DB47B49CBE16}.Release|Any CPU.ActiveCfg = Release|Any CPU
		{F7D0A60C-CA8B-4EA8-ABD2-DB47B49CBE16}.Release|Any CPU.Build.0 = Release|Any CPU
		{330BFF10-2A3D-4CD0-8E42-250A6C9D4799}.Debug|Any CPU.ActiveCfg = Debug|Any CPU
		{330BFF10-2A3D-4CD0-8E42-250A6C9D4799}.Debug|Any CPU.Build.0 = Debug|Any CPU
		{330BFF10-2A3D-4CD0-8E42-250A6C9D4799}.Release|Any CPU.ActiveCfg = Release|Any CPU
		{330BFF10-2A3D-4CD0-8E42-250A6C9D4799}.Release|Any CPU.Build.0 = Release|Any CPU
		{0A126577-7781-41BB-92E8-3A07DA3B8CDC}.Debug|Any CPU.ActiveCfg = Debug|Any CPU
		{0A126577-7781-41BB-92E8-3A07DA3B8CDC}.Debug|Any CPU.Build.0 = Debug|Any CPU
		{0A126577-7781-41BB-92E8-3A07DA3B8CDC}.Release|Any CPU.ActiveCfg = Release|Any CPU
		{0A126577-7781-41BB-92E8-3A07DA3B8CDC}.Release|Any CPU.Build.0 = Release|Any CPU
		{1814435F-3B54-4E2F-B16C-042EEAB8879E}.Debug|Any CPU.ActiveCfg = Debug|Any CPU
		{1814435F-3B54-4E2F-B16C-042EEAB8879E}.Debug|Any CPU.Build.0 = Debug|Any CPU
		{1814435F-3B54-4E2F-B16C-042EEAB8879E}.Release|Any CPU.ActiveCfg = Release|Any CPU
		{1814435F-3B54-4E2F-B16C-042EEAB8879E}.Release|Any CPU.Build.0 = Release|Any CPU
		{5B2BFAA5-2C52-44FA-A190-C2B9E20B5B09}.Debug|Any CPU.ActiveCfg = Debug|Any CPU
		{5B2BFAA5-2C52-44FA-A190-C2B9E20B5B09}.Debug|Any CPU.Build.0 = Debug|Any CPU
		{5B2BFAA5-2C52-44FA-A190-C2B9E20B5B09}.Release|Any CPU.ActiveCfg = Release|Any CPU
		{5B2BFAA5-2C52-44FA-A190-C2B9E20B5B09}.Release|Any CPU.Build.0 = Release|Any CPU
		{8126760E-10A4-4DE0-B2D6-66B4F46877A7}.Debug|Any CPU.ActiveCfg = Debug|Any CPU
		{8126760E-10A4-4DE0-B2D6-66B4F46877A7}.Debug|Any CPU.Build.0 = Debug|Any CPU
		{8126760E-10A4-4DE0-B2D6-66B4F46877A7}.Release|Any CPU.ActiveCfg = Release|Any CPU
		{8126760E-10A4-4DE0-B2D6-66B4F46877A7}.Release|Any CPU.Build.0 = Release|Any CPU
		{72D555EB-A6A1-45C3-B85C-80C74620A001}.Debug|Any CPU.ActiveCfg = Debug|Any CPU
		{72D555EB-A6A1-45C3-B85C-80C74620A001}.Debug|Any CPU.Build.0 = Debug|Any CPU
		{72D555EB-A6A1-45C3-B85C-80C74620A001}.Release|Any CPU.ActiveCfg = Release|Any CPU
		{72D555EB-A6A1-45C3-B85C-80C74620A001}.Release|Any CPU.Build.0 = Release|Any CPU
		{9207A816-D59C-4089-94D2-84FB2E074300}.Debug|Any CPU.ActiveCfg = Debug|Any CPU
		{9207A816-D59C-4089-94D2-84FB2E074300}.Debug|Any CPU.Build.0 = Debug|Any CPU
		{9207A816-D59C-4089-94D2-84FB2E074300}.Release|Any CPU.ActiveCfg = Release|Any CPU
		{9207A816-D59C-4089-94D2-84FB2E074300}.Release|Any CPU.Build.0 = Release|Any CPU
		{43C8707C-B2A9-4FDB-91DE-692B8151F647}.Debug|Any CPU.ActiveCfg = Debug|Any CPU
		{43C8707C-B2A9-4FDB-91DE-692B8151F647}.Debug|Any CPU.Build.0 = Debug|Any CPU
		{43C8707C-B2A9-4FDB-91DE-692B8151F647}.Release|Any CPU.ActiveCfg = Release|Any CPU
		{43C8707C-B2A9-4FDB-91DE-692B8151F647}.Release|Any CPU.Build.0 = Release|Any CPU
	EndGlobalSection
	GlobalSection(NestedProjects) = preSolution
		{19D79144-FB5C-469C-B5D2-C4B6F0641547} = {7E5A75E0-7979-4E42-B01F-EB9412F63B8B}
		{908F02B9-217A-4FEF-8F61-296E1985AEA1} = {7E5A75E0-7979-4E42-B01F-EB9412F63B8B}
		{8447422E-3A4F-4B98-9D76-F89865990010} = {7E5A75E0-7979-4E42-B01F-EB9412F63B8B}
		{31614DF2-8661-471C-86E8-DDA9C6D12B67} = {7E5A75E0-7979-4E42-B01F-EB9412F63B8B}
		{F7D0A60C-CA8B-4EA8-ABD2-DB47B49CBE16} = {7E5A75E0-7979-4E42-B01F-EB9412F63B8B}
		{330BFF10-2A3D-4CD0-8E42-250A6C9D4799} = {7E5A75E0-7979-4E42-B01F-EB9412F63B8B}
		{0A126577-7781-41BB-92E8-3A07DA3B8CDC} = {B0D230D3-4DAC-4576-9AE7-D771DBD36231}
		{1814435F-3B54-4E2F-B16C-042EEAB8879E} = {B0D230D3-4DAC-4576-9AE7-D771DBD36231}
		{5B2BFAA5-2C52-44FA-A190-C2B9E20B5B09} = {B0D230D3-4DAC-4576-9AE7-D771DBD36231}
		{8126760E-10A4-4DE0-B2D6-66B4F46877A7} = {B0D230D3-4DAC-4576-9AE7-D771DBD36231}
		{72D555EB-A6A1-45C3-B85C-80C74620A001} = {B0D230D3-4DAC-4576-9AE7-D771DBD36231}
		{9207A816-D59C-4089-94D2-84FB2E074300} = {B0D230D3-4DAC-4576-9AE7-D771DBD36231}
		{43C8707C-B2A9-4FDB-91DE-692B8151F647} = {B0D230D3-4DAC-4576-9AE7-D771DBD36231}
	EndGlobalSection
EndGlobal
