{
  "version": 1,
  "dependencies": {
    "net10.0": {
      "MemoryPack": {
        "type": "Direct",
        "requested": "[1.21.4, )",
        "resolved": "1.21.4",
        "contentHash": "wy3JTBNBsO8LfQcBvvYsWr3lm2Oakolrfu0UQ3oSJSEiD+7ye0GUhYTaXuYYBowqsXBXWD9gf2218ae0JRiYVQ==",
        "dependencies": {
          "MemoryPack.Core": "1.21.4",
          "MemoryPack.Generator": "1.21.4"
        }
      },
      "Microsoft.Extensions.DependencyInjection": {
        "type": "Direct",
        "requested": "[10.0.0, )",
        "resolved": "10.0.0",
        "contentHash": "f0RBabswJq+gRu5a+hWIobrLWiUYPKMhCD9WO3sYBAdSy3FFH14LMvLVFZc2kPSCimBLxSuitUhsd6tb0TAY6A==",
        "dependencies": {
          "Microsoft.Extensions.DependencyInjection.Abstractions": "10.0.0"
        }
      },
      "MemoryPack.Core": {
        "type": "Transitive",
        "resolved": "1.21.4",
        "contentHash": "6RszGorZ0ejNmp37ZcboPBMvvPCuNW2jlrdQfcs/lMzE5b3pmPF6hsm/laDc34hRlbAST1ZxaX/DvYu2DF5sBQ=="
      },
      "MemoryPack.Generator": {
        "type": "Transitive",
        "resolved": "1.21.4",
        "contentHash": "g14EsSS85yn0lHTi0J9ivqlZMf09A2iI51fmI+0KkzIzyCbWOBWPi5mdaY7YWmXprk12aYh9u/qfWHQUYthlwg=="
      },
      "Microsoft.Extensions.DependencyInjection.Abstractions": {
        "type": "Transitive",
        "resolved": "10.0.0",
        "contentHash": "L3AdmZ1WOK4XXT5YFPEwyt0ep6l8lGIPs7F5OOBZc77Zqeo01Of7XXICy47628sdVl0v/owxYJTe86DTgFwKCA=="
      },
      "dalamudmcp.framework": {
        "type": "Project"
      },
      "dalamudmcp.protocol": {
        "type": "Project",
        "dependencies": {
          "MemoryPack": "[1.21.4, )"
        }
      }
    }
  }
}