{
  "version": 1,
  "dependencies": {
    "net10.0": {
      "Manifold": {
        "type": "Direct",
        "requested": "[1.0.0, )",
        "resolved": "1.0.0",
        "contentHash": "82Q9vTwg3DJ3RKr2lSNaI2Gh9p/t1HadBTdlPKmIuIrduj/nYyL5q/C2FJBnviZ74cWT07rm29QeKq656Vdoaw=="
      },
      "Manifold.Cli": {
        "type": "Direct",
        "requested": "[1.0.0, )",
        "resolved": "1.0.0",
        "contentHash": "97JK5XP5Thu768byGBbpkEq68lMWCrOH1KSIBaKKRm6o24b6m5EHb7Hz5J4E8+WkRR2vaI0VZTD2WoPsXUbrHA==",
        "dependencies": {
          "Manifold": "1.0.0"
        }
      },
      "ModelContextProtocol": {
        "type": "Direct",
        "requested": "[1.1.0, )",
        "resolved": "1.1.0",
        "contentHash": "dr7MeQocnOD9exXF2TIZc/80xp/wNVw3WpJZlz0X+ezMcOCXXkAwdMbpM5hohvnXw+KF29iaaYPJwUFbni+NCQ==",
        "dependencies": {
          "ModelContextProtocol.Core": "1.1.0"
        }
      },
      "MemoryPack": {
        "type": "Transitive",
        "resolved": "1.21.4",
        "contentHash": "wy3JTBNBsO8LfQcBvvYsWr3lm2Oakolrfu0UQ3oSJSEiD+7ye0GUhYTaXuYYBowqsXBXWD9gf2218ae0JRiYVQ==",
        "dependencies": {
          "MemoryPack.Core": "1.21.4",
          "MemoryPack.Generator": "1.21.4"
        }
      },
      "MemoryPack.Core": {
        "type": "Transitive",
        "resolved": "1.21.4",
        "contentHash": "6RszGorZ0ejNmp37ZcboPBMvvPCuNW2jlrdQfcs/lMzE5b3pmPF6hsm/laDc34hRlbAST1ZxaX/DvYu2DF5sBQ=="
      },
      "MemoryPack.Generator": {
        "type": "Transitive",
        "resolved": "1.21.4",
        "contentHash": "g14EsSS85yn0lHTi0J9ivqlZMf09A2iI51fmI+0KkzIzyCbWOBWPi5mdaY7YWmXprk12aYh9u/qfWHQUYthlwg=="
      },
      "Microsoft.Extensions.AI.Abstractions": {
        "type": "Transitive",
        "resolved": "10.3.0",
        "contentHash": "hDjDvUERvUH3HBMs2MDusOcGJBjAHOG5pJIU2x/HZEa4e1UthNKt89cwMi3B+ogJo6skki1XFjfgGN3ksnVqvQ=="
      },
      "ModelContextProtocol.Core": {
        "type": "Transitive",
        "resolved": "1.1.0",
        "contentHash": "3E/qGSPxAnuenD8uBT2NsHCP91ztn4WC9SfV7miKjpzDYQgVvGwbxnPhhZ8PAvltYWJ/P4wWbRmJ+2M5rZkrDQ==",
        "dependencies": {
          "Microsoft.Extensions.AI.Abstractions": "10.3.0"
        }
      },
      "dalamudmcp.protocol": {
        "type": "Project",
        "dependencies": {
          "MemoryPack": "[1.21.4, )"
        }
      }
    }
  }
}