{
  "version": 1,
  "dependencies": {
    "net10.0": {
      "dalamudmcp.application": {
        "type": "Project",
        "dependencies": {
          "DalamudMCP.Domain": "[1.0.0, )"
        }
      },
      "dalamudmcp.contracts": {
        "type": "Project",
        "dependencies": {
          "DalamudMCP.Domain": "[1.0.0, )"
        }
      },
      "dalamudmcp.domain": {
        "type": "Project"
      },
      "dalamudmcp.infrastructure": {
        "type": "Project",
        "dependencies": {
          "DalamudMCP.Application": "[1.0.0, )",
          "DalamudMCP.Contracts": "[1.0.0, )",
          "DalamudMCP.Domain": "[1.0.0, )"
        }
      }
    }
  }
}